{
  "name": "vscode-apielements",
  "version": "0.6.7",
  "lockfileVersion": 1,
  "dependencies": {
    "argparse": {
      "version": "1.0.9",
      "resolved": "https://registry.npmjs.org/argparse/-/argparse-1.0.9.tgz",
      "integrity": "sha1-c9g7wmP4bpf4zE9rrhsOkKfSLIY="
    },
    "babel-runtime": {
      "version": "5.8.38",
      "resolved": "https://registry.npmjs.org/babel-runtime/-/babel-runtime-5.8.38.tgz",
      "integrity": "sha1-HAsC62MxL18If/IEUIJ7QlydTBk="
    },
    "call-me-maybe": {
      "version": "1.0.1",
      "resolved": "https://registry.npmjs.org/call-me-maybe/-/call-me-maybe-1.0.1.tgz",
      "integrity": "sha1-JtII6onje1y95gJQoV8DHBak1ms="
    },
    "chance": {
      "version": "1.0.9",
      "resolved": "https://registry.npmjs.org/chance/-/chance-1.0.9.tgz",
      "integrity": "sha1-ha5SwUXEM9afbx7/JPBWASt3pg8="
    },
    "commander": {
      "version": "2.9.0",
      "resolved": "https://registry.npmjs.org/commander/-/commander-2.9.0.tgz",
      "integrity": "sha1-nJkJQXbhIkDLItbFFGCYQA/g99Q=",
      "optional": true
    },
    "core-js": {
      "version": "1.2.7",
      "resolved": "https://registry.npmjs.org/core-js/-/core-js-1.2.7.tgz",
      "integrity": "sha1-ZSKUwUZR2yj6k70tX/KYOk8IxjY="
    },
    "debug": {
      "version": "2.6.8",
      "resolved": "https://registry.npmjs.org/debug/-/debug-2.6.8.tgz",
      "integrity": "sha1-5zFTHKLt4n0YgiJCfaF4IdaP9Pw="
    },
    "deep-extend": {
      "version": "0.4.2",
      "resolved": "https://registry.npmjs.org/deep-extend/-/deep-extend-0.4.2.tgz",
      "integrity": "sha1-SLaZwn4zS/ifEIkr5DL25MfTSn8="
    },
    "deref": {
      "version": "0.6.4",
      "resolved": "https://registry.npmjs.org/deref/-/deref-0.6.4.tgz",
      "integrity": "sha1-vVqW1F2+0wEbuBvfaN31S+jhvU4="
    },
    "discontinuous-range": {
      "version": "1.0.0",
      "resolved": "https://registry.npmjs.org/discontinuous-range/-/discontinuous-range-1.0.0.tgz",
      "integrity": "sha1-44Mx8IRLukm5qctxx3FYWqsbxlo="
    },
    "drafter.js": {
      "version": "2.6.7",
      "resolved": "https://registry.npmjs.org/drafter.js/-/drafter.js-2.6.7.tgz",
      "integrity": "sha1-WcQ6hYZSc0DLNb3cVBgFWfru8AE="
    },
    "es6-promise": {
      "version": "3.3.1",
      "resolved": "https://registry.npmjs.org/es6-promise/-/es6-promise-3.3.1.tgz",
      "integrity": "sha1-oIzd6EzNvzTQJ6FFG8kdS80ophM="
    },
    "esprima": {
      "version": "3.1.3",
      "resolved": "https://registry.npmjs.org/esprima/-/esprima-3.1.3.tgz",
      "integrity": "sha1-/cpRzuYTOJXjyI1TXOSdv/YqRjM="
    },
    "faker": {
      "version": "3.0.1",
      "resolved": "https://registry.npmjs.org/faker/-/faker-3.0.1.tgz",
      "integrity": "sha1-w2J4zUI/PFN1vCcEZqIjSFwOe7I="
    },
    "fury": {
      "version": "2.3.0",
      "resolved": "https://registry.npmjs.org/fury/-/fury-2.3.0.tgz",
      "integrity": "sha1-hgH5Ap2PI7/gBldoON945cAC9Hg=",
      "dependencies": {
        "minim": {
          "version": "0.14.2",
          "resolved": "https://registry.npmjs.org/minim/-/minim-0.14.2.tgz",
          "integrity": "sha1-TOMLDZ2yUi9xvZw2G9NCRzgSdxg="
        },
        "minim-api-description": {
          "version": "0.1.8",
          "resolved": "https://registry.npmjs.org/minim-api-description/-/minim-api-description-0.1.8.tgz",
          "integrity": "sha1-42D/HN7bdgGeCXdp3nyJ0gu7yhg="
        },
        "minim-parse-result": {
          "version": "0.2.2",
          "resolved": "https://registry.npmjs.org/minim-parse-result/-/minim-parse-result-0.2.2.tgz",
          "integrity": "sha1-Yew5Ka6gL3ODXBAsAFXu1Q+bEkk="
        }
      }
    },
    "fury-adapter-swagger": {
      "version": "0.10.0",
      "resolved": "https://registry.npmjs.org/fury-adapter-swagger/-/fury-adapter-swagger-0.10.0.tgz",
      "integrity": "sha1-K8y+4923jGCo8lM+xoTHODARxlA=",
      "dependencies": {
        "babel-runtime": {
          "version": "6.23.0",
          "resolved": "https://registry.npmjs.org/babel-runtime/-/babel-runtime-6.23.0.tgz",
          "integrity": "sha1-CpSJ8UTecO+zzkMArM2zKeL8VDs="
        },
        "core-js": {
          "version": "2.4.1",
          "resolved": "https://registry.npmjs.org/core-js/-/core-js-2.4.1.tgz",
          "integrity": "sha1-TekR5mew6ukSTjQlS1OupvxhjT4="
        }
      }
    },
    "graceful-readlink": {
      "version": "1.0.1",
      "resolved": "https://registry.npmjs.org/graceful-readlink/-/graceful-readlink-1.0.1.tgz",
      "integrity": "sha1-TK+tdrxi8C+gObL5Tpo906ORpyU=",
      "optional": true
    },
    "js-yaml": {
      "version": "3.8.4",
      "resolved": "https://registry.npmjs.org/js-yaml/-/js-yaml-3.8.4.tgz",
      "integrity": "sha1-UgtFZPhlc7qWZir4Woyvp7S1pvY="
    },
    "json-schema-faker": {
      "version": "0.4.2",
      "resolved": "https://registry.npmjs.org/json-schema-faker/-/json-schema-faker-0.4.2.tgz",
      "integrity": "sha512-SGUfw45f95E5sW+pqG10aCNkxtrcU8kxKvYmkdDepGRN4PWcEXAg41AagvSw18PxA0ROjrnBgWk/tBmT+OM/sA=="
    },
    "json-schema-ref-parser": {
      "version": "1.4.1",
      "resolved": "https://registry.npmjs.org/json-schema-ref-parser/-/json-schema-ref-parser-1.4.1.tgz",
      "integrity": "sha1-wMLkOL8HlnI7AkUbrovH3Qs3/tA="
    },
    "lodash": {
      "version": "4.17.4",
      "resolved": "https://registry.npmjs.org/lodash/-/lodash-4.17.4.tgz",
      "integrity": "sha1-eCA6TRwyiuHYbcpkYONptX9AVa4="
    },
    "lodash-api-description": {
      "version": "0.0.2",
      "resolved": "https://registry.npmjs.org/lodash-api-description/-/lodash-api-description-0.0.2.tgz",
      "integrity": "sha1-0CCP9785nSYsHmSWGhmOh6j1dLs="
    },
    "lodash.get": {
      "version": "4.4.2",
      "resolved": "https://registry.npmjs.org/lodash.get/-/lodash.get-4.4.2.tgz",
      "integrity": "sha1-LRd/ZS+jHpObRDjVNBSZ36OCXpk="
    },
    "lodash.isequal": {
      "version": "4.5.0",
      "resolved": "https://registry.npmjs.org/lodash.isequal/-/lodash.isequal-4.5.0.tgz",
      "integrity": "sha1-QVxEePK8wwEgwizhDtMib30+GOA="
    },
    "media-typer": {
      "version": "0.3.0",
      "resolved": "https://registry.npmjs.org/media-typer/-/media-typer-0.3.0.tgz",
      "integrity": "sha1-hxDXrwqmJvj/+hzgAWhUUmMlV0g="
    },
    "ms": {
      "version": "2.0.0",
      "resolved": "https://registry.npmjs.org/ms/-/ms-2.0.0.tgz",
      "integrity": "sha1-VgiurfwAvmwpAd9fmGF4jeDVl8g="
    },
    "ono": {
      "version": "2.2.5",
      "resolved": "https://registry.npmjs.org/ono/-/ono-2.2.5.tgz",
      "integrity": "sha1-2vCUiLURdNp6fkJ136sxtDj/oOM="
    },
    "randexp": {
      "version": "0.4.5",
      "resolved": "https://registry.npmjs.org/randexp/-/randexp-0.4.5.tgz",
      "integrity": "sha1-/+OoDD9mbNceawCOR35YTBoy/z4="
    },
    "regenerator-runtime": {
      "version": "0.10.5",
      "resolved": "https://registry.npmjs.org/regenerator-runtime/-/regenerator-runtime-0.10.5.tgz",
      "integrity": "sha1-M2w+/BIgrc7dosn6tntaeVWjNlg="
    },
    "ret": {
      "version": "0.1.14",
      "resolved": "https://registry.npmjs.org/ret/-/ret-0.1.14.tgz",
      "integrity": "sha1-WMY2g3sS4WH4o4DPCBxqIw/RZk4="
    },
    "sprintf-js": {
      "version": "1.0.3",
      "resolved": "https://registry.npmjs.org/sprintf-js/-/sprintf-js-1.0.3.tgz",
      "integrity": "sha1-BOaSb2YolTVPPdAVIDYzuFcpfiw="
    },
    "swagger-methods": {
      "version": "1.0.0",
      "resolved": "https://registry.npmjs.org/swagger-methods/-/swagger-methods-1.0.0.tgz",
      "integrity": "sha1-s5x3lX0wWmU1wKHgFQgRhbmdYfw="
    },
    "swagger-parser": {
      "version": "3.4.1",
      "resolved": "https://registry.npmjs.org/swagger-parser/-/swagger-parser-3.4.1.tgz",
      "integrity": "sha1-ApBSnbriVNF4tEKpXfYNI9FCMB0="
    },
    "swagger-schema-official": {
      "version": "2.0.0-bab6bed",
      "resolved": "https://registry.npmjs.org/swagger-schema-official/-/swagger-schema-official-2.0.0-bab6bed.tgz",
      "integrity": "sha1-cAcEaNbSl3ylI3suUZyn0Gouo/0="
    },
    "uptown": {
      "version": "0.4.1",
      "resolved": "https://registry.npmjs.org/uptown/-/uptown-0.4.1.tgz",
      "integrity": "sha1-Kqcyt1wFw0QyNzSY4rQZ+9nNVFI="
    },
    "validator": {
      "version": "6.3.0",
      "resolved": "https://registry.npmjs.org/validator/-/validator-6.3.0.tgz",
      "integrity": "sha1-R84j7Y1Ord+p1LjvAHG2zxB418g="
    },
    "vscode-languageserver": {
      "version": "3.3.0",
      "resolved": "https://registry.npmjs.org/vscode-languageserver/-/vscode-languageserver-3.3.0.tgz",
      "integrity": "sha512-8YvEbjl77Nl24/cgcSbQC/CPEhSoJwvLLKGJZJbIF4DsGo4jrVDbuARXfmUt9S6vCEEr++o3fbbZ17iLZ0QH0A==",
      "dependencies": {
        "vscode-jsonrpc": {
          "version": "3.3.1",
          "resolved": "https://registry.npmjs.org/vscode-jsonrpc/-/vscode-jsonrpc-3.3.1.tgz",
          "integrity": "sha512-iLlG27498AJF0j4GJ4yua7Z9bpJfLfwpAaAA9mihe6VDoYHwK8TyFgnpXdgjoTb8X9/DnzimQeg0bjIWINvPWw=="
        },
        "vscode-languageserver-types": {
          "version": "3.3.0",
          "resolved": "https://registry.npmjs.org/vscode-languageserver-types/-/vscode-languageserver-types-3.3.0.tgz",
          "integrity": "sha512-5BMClM4D3mRl5JlWFxIxhhJAbcVW9dFviz8ubppmG8epCTzl1bPpndcnvsjOjUlVsO9V8l8Ktklqc70Ew6soew=="
        }
      }
    },
    "yaml-js": {
      "version": "0.1.5",
      "resolved": "https://registry.npmjs.org/yaml-js/-/yaml-js-0.1.5.tgz",
      "integrity": "sha1-oBNpAQs1WNiq7SOUYV39B4D9j6w="
    },
    "z-schema": {
      "version": "3.18.2",
      "resolved": "https://registry.npmjs.org/z-schema/-/z-schema-3.18.2.tgz",
      "integrity": "sha1-5CIZa17+YLRq3vPD8q7y3qqREWE="
    }
  }
}
